
Microsoft Visual Studio Solution File, Format Version 12.00
Project("{FAE04EC0-301F-11D3-BF4B-00C04F79EFBC}") = "Komprimieren", "Komprimieren\Komprimieren.csproj", "{9934D5DC-ED59-41B5-B1E8-F5A705DB8980}"
EndProject
Project("{FAE04EC0-301F-11D3-BF4B-00C04F79EFBC}") = "BmpSteganography", "BmpSteganography\BmpSteganography.csproj", "{405BE3E8-6D1F-4161-AE08-260F3AB086B2}"
EndProject
Global
	GlobalSection(SolutionConfigurationPlatforms) = preSolution
		Debug|Any CPU = Debug|Any CPU
		Release|Any CPU = Release|Any CPU
	EndGlobalSection
	GlobalSection(ProjectConfigurationPlatforms) = postSolution
		{9934D5DC-ED59-41B5-B1E8-F5A705DB8980}.Debug|Any CPU.ActiveCfg = Debug|Any CPU
		{9934D5DC-ED59-41B5-B1E8-F5A705DB8980}.Debug|Any CPU.Build.0 = Debug|Any CPU
		{9934D5DC-ED59-41B5-B1E8-F5A705DB8980}.Release|Any CPU.ActiveCfg = Release|Any CPU
		{9934D5DC-ED59-41B5-B1E8-F5A705DB8980}.Release|Any CPU.Build.0 = Release|Any CPU
		{405BE3E8-6D1F-4161-AE08-260F3AB086B2}.Debug|Any CPU.ActiveCfg = Debug|Any CPU
		{405BE3E8-6D1F-4161-AE08-260F3AB086B2}.Debug|Any CPU.Build.0 = Debug|Any CPU
		{405BE3E8-6D1F-4161-AE08-260F3AB086B2}.Release|Any CPU.ActiveCfg = Release|Any CPU
		{405BE3E8-6D1F-4161-AE08-260F3AB086B2}.Release|Any CPU.Build.0 = Release|Any CPU
	EndGlobalSection
EndGlobal
